
Microsoft Visual Studio Solution File, Format Version 12.00
# Visual Studio Version 17
VisualStudioVersion = 17.6.33801.468
MinimumVisualStudioVersion = 10.0.40219.1
Project("{FAE04EC0-301F-11D3-BF4B-00C04F79EFBC}") = "CadastroAluno", "CadastroAluno.csproj", "{F904417B-F025-457E-A794-88956673A0C5}"
EndProject
Global
	GlobalSection(SolutionConfigurationPlatforms) = preSolution
		Debug|Any CPU = Debug|Any CPU
		Release|Any CPU = Release|Any CPU
	EndGlobalSection
	GlobalSection(ProjectConfigurationPlatforms) = postSolution
		{F904417B-F025-457E-A794-88956673A0C5}.Debug|Any CPU.ActiveCfg = Debug|Any CPU
		{F904417B-F025-457E-A794-88956673A0C5}.Debug|Any CPU.Build.0 = Debug|Any CPU
		{F904417B-F025-457E-A794-88956673A0C5}.Release|Any CPU.ActiveCfg = Release|Any CPU
		{F904417B-F025-457E-A794-88956673A0C5}.Release|Any CPU.Build.0 = Release|Any CPU
	EndGlobalSection
	GlobalSection(SolutionProperties) = preSolution
		HideSolutionNode = FALSE
	EndGlobalSection
	GlobalSection(ExtensibilityGlobals) = postSolution
		SolutionGuid = {07500BBB-DD74-41BD-96F8-0AFF7C673FDF}
	EndGlobalSection
EndGlobal
